// !$*UTF8*$!
{
	archiveVersion = 1;
	classes = {
	};
	objectVersion = 46;
	objects = {

/* Begin PBXBuildFile section */
		4ACBCB381425D73E00212514 /* UnitTests.m in Sources */ = {isa = PBXBuildFile; fileRef = 4AE2C26A1424A47000C67987 /* UnitTests.m */; };
		4ACBCB431425DC5700212514 /* Template.m in Sources */ = {isa = PBXBuildFile; fileRef = 4ACBCB421425DC5700212514 /* Template.m */; };
		4AE2C1E71424998500C67987 /* libTemplate.a in Frameworks */ = {isa = PBXBuildFile; fileRef = 4AE2C1D21424998500C67987 /* libTemplate.a */; };
/* End PBXBuildFile section */

/* Begin PBXContainerItemProxy section */
		4ACBCB3A1425DB6300212514 /* PBXContainerItemProxy */ = {
			isa = PBXContainerItemProxy;
			containerPortal = 4AE2C1C91424998500C67987 /* Project object */;
			proxyType = 1;
			remoteGlobalIDString = 4AE2C1D11424998500C67987;
			remoteInfo = Template;
		};
/* End PBXContainerItemProxy section */

/* Begin PBXFileReference section */
		4ACBCB421425DC5700212514 /* Template.m */ = {isa = PBXFileReference; fileEncoding = 4; lastKnownFileType = sourcecode.c.objc; name = Template.m; path = Sources/Template.m; sourceTree = "<group>"; };
		4AE2C1D21424998500C67987 /* libTemplate.a */ = {isa = PBXFileReference; explicitFileType = archive.ar; includeInIndex = 0; path = libTemplate.a; sourceTree = BUILT_PRODUCTS_DIR; };
		4AE2C1DF1424998500C67987 /* UnitTests.octest */ = {isa = PBXFileReference; explicitFileType = wrapper.cfbundle; includeInIndex = 0; path = UnitTests.octest; sourceTree = BUILT_PRODUCTS_DIR; };
		4AE2C2691424A47000C67987 /* UnitTests.h */ = {isa = PBXFileReference; fileEncoding = 4; lastKnownFileType = sourcecode.c.h; name = UnitTests.h; path = UnitTests/UnitTests.h; sourceTree = SOURCE_ROOT; };
		4AE2C26A1424A47000C67987 /* UnitTests.m */ = {isa = PBXFileReference; fileEncoding = 4; lastKnownFileType = sourcecode.c.objc; name = UnitTests.m; path = UnitTests/UnitTests.m; sourceTree = SOURCE_ROOT; };
		4AE2C26E1424A80500C67987 /* Template.h */ = {isa = PBXFileReference; fileEncoding = 4; lastKnownFileType = sourcecode.c.h; name = Template.h; path = Headers/Template.h; sourceTree = "<group>"; };
		4AE2C2921424A99700C67987 /* UnitTests-Info.plist */ = {isa = PBXFileReference; fileEncoding = 4; lastKnownFileType = text.plist.xml; name = "UnitTests-Info.plist"; path = "UnitTests/Resources/UnitTests-Info.plist"; sourceTree = SOURCE_ROOT; };
		4AE2C2941424AA6E00C67987 /* Library.xcconfig */ = {isa = PBXFileReference; fileEncoding = 4; lastKnownFileType = text.xcconfig; name = Library.xcconfig; path = Configurations/Library.xcconfig; sourceTree = "<group>"; };
		4AE2C2951424AA6E00C67987 /* Project.xcconfig */ = {isa = PBXFileReference; fileEncoding = 4; lastKnownFileType = text.xcconfig; name = Project.xcconfig; path = Configurations/Project.xcconfig; sourceTree = "<group>"; };
		4AE2C2961424AA6E00C67987 /* UnitTests.xcconfig */ = {isa = PBXFileReference; fileEncoding = 4; lastKnownFileType = text.xcconfig; name = UnitTests.xcconfig; path = Configurations/UnitTests.xcconfig; sourceTree = "<group>"; };
		4AE2C29F1424ACE700C67987 /* Template_Prefix.pch */ = {isa = PBXFileReference; fileEncoding = 4; lastKnownFileType = sourcecode.c.h; name = Template_Prefix.pch; path = Headers/Template_Prefix.pch; sourceTree = "<group>"; };
/* End PBXFileReference section */

/* Begin PBXFrameworksBuildPhase section */
		4AE2C1CF1424998500C67987 /* Frameworks */ = {
			isa = PBXFrameworksBuildPhase;
			buildActionMask = 2147483647;
			files = (
			);
			runOnlyForDeploymentPostprocessing = 0;
		};
		4AE2C1DB1424998500C67987 /* Frameworks */ = {
			isa = PBXFrameworksBuildPhase;
			buildActionMask = 2147483647;
			files = (
				4AE2C1E71424998500C67987 /* libTemplate.a in Frameworks */,
			);
			runOnlyForDeploymentPostprocessing = 0;
		};
/* End PBXFrameworksBuildPhase section */

/* Begin PBXGroup section */
		4AE2C1C71424998500C67987 = {
			isa = PBXGroup;
			children = (
				4AE2C26E1424A80500C67987 /* Template.h */,
				4AE2C29F1424ACE700C67987 /* Template_Prefix.pch */,
				4AE2C21514249CD300C67987 /* Sources */,
				4AE2C1E81424998500C67987 /* Tests */,
				4AE2C21214249C2E00C67987 /* Configurations */,
				4AE2C1D31424998500C67987 /* Products */,
			);
			sourceTree = "<group>";
		};
		4AE2C1D31424998500C67987 /* Products */ = {
			isa = PBXGroup;
			children = (
				4AE2C1D21424998500C67987 /* libTemplate.a */,
				4AE2C1DF1424998500C67987 /* UnitTests.octest */,
			);
			name = Products;
			sourceTree = "<group>";
		};
		4AE2C1E81424998500C67987 /* Tests */ = {
			isa = PBXGroup;
			children = (
				4AE2C2931424AA2B00C67987 /* Resources */,
				4AE2C2691424A47000C67987 /* UnitTests.h */,
				4AE2C26A1424A47000C67987 /* UnitTests.m */,
			);
			name = Tests;
			path = UnitTests;
			sourceTree = "<group>";
		};
		4AE2C21214249C2E00C67987 /* Configurations */ = {
			isa = PBXGroup;
			children = (
				4AE2C2941424AA6E00C67987 /* Library.xcconfig */,
				4AE2C2951424AA6E00C67987 /* Project.xcconfig */,
				4AE2C2961424AA6E00C67987 /* UnitTests.xcconfig */,
			);
			name = Configurations;
			sourceTree = "<group>";
		};
		4AE2C21514249CD300C67987 /* Sources */ = {
			isa = PBXGroup;
			children = (
				4ACBCB421425DC5700212514 /* Template.m */,
			);
			name = Sources;
			sourceTree = "<group>";
		};
		4AE2C2931424AA2B00C67987 /* Resources */ = {
			isa = PBXGroup;
			children = (
				4AE2C2921424A99700C67987 /* UnitTests-Info.plist */,
			);
			name = Resources;
			sourceTree = "<group>";
		};
/* End PBXGroup section */

/* Begin PBXHeadersBuildPhase section */
		4AE2C1D01424998500C67987 /* Headers */ = {
			isa = PBXHeadersBuildPhase;
			buildActionMask = 2147483647;
			files = (
			);
			runOnlyForDeploymentPostprocessing = 0;
		};
/* End PBXHeadersBuildPhase section */

/* Begin PBXNativeTarget section */
		4AE2C1D11424998500C67987 /* Template */ = {
			isa = PBXNativeTarget;
			buildConfigurationList = 4AE2C1F51424998500C67987 /* Build configuration list for PBXNativeTarget "Template" */;
			buildPhases = (
				4AE2C1CE1424998500C67987 /* Sources */,
				4AE2C1CF1424998500C67987 /* Frameworks */,
				4AE2C1D01424998500C67987 /* Headers */,
			);
			buildRules = (
			);
			dependencies = (
			);
			name = Template;
			productName = LibTemplate;
			productReference = 4AE2C1D21424998500C67987 /* libTemplate.a */;
			productType = "com.apple.product-type.library.static";
		};
		4AE2C1DE1424998500C67987 /* UnitTests */ = {
			isa = PBXNativeTarget;
			buildConfigurationList = 4AE2C1F81424998500C67987 /* Build configuration list for PBXNativeTarget "UnitTests" */;
			buildPhases = (
				4AE2C1DA1424998500C67987 /* Sources */,
				4AE2C1DB1424998500C67987 /* Frameworks */,
				4AE2C1DC1424998500C67987 /* Resources */,
				4AE2C1DD1424998500C67987 /* ShellScript */,
			);
			buildRules = (
			);
			dependencies = (
				4ACBCB3B1425DB6300212514 /* PBXTargetDependency */,
			);
			name = UnitTests;
			productName = UnitTests;
			productReference = 4AE2C1DF1424998500C67987 /* UnitTests.octest */;
			productType = "com.apple.product-type.bundle";
		};
/* End PBXNativeTarget section */

/* Begin PBXProject section */
		4AE2C1C91424998500C67987 /* Project object */ = {
			isa = PBXProject;
			attributes = {
				ORGANIZATIONNAME = "Beijing Founder Electronics Co.,Ltd";
			};
			buildConfigurationList = 4AE2C1CC1424998500C67987 /* Build configuration list for PBXProject "Template" */;
			compatibilityVersion = "Xcode 3.2";
			developmentRegion = English;
			hasScannedForEncodings = 0;
			knownRegions = (
				en,
			);
			mainGroup = 4AE2C1C71424998500C67987;
			productRefGroup = 4AE2C1D31424998500C67987 /* Products */;
			projectDirPath = "";
			projectRoot = "";
			targets = (
				4AE2C1D11424998500C67987 /* Template */,
				4AE2C1DE1424998500C67987 /* UnitTests */,
			);
		};
/* End PBXProject section */

/* Begin PBXResourcesBuildPhase section */
		4AE2C1DC1424998500C67987 /* Resources */ = {
			isa = PBXResourcesBuildPhase;
			buildActionMask = 2147483647;
			files = (
			);
			runOnlyForDeploymentPostprocessing = 0;
		};
/* End PBXResourcesBuildPhase section */

/* Begin PBXShellScriptBuildPhase section */
		4AE2C1DD1424998500C67987 /* ShellScript */ = {
			isa = PBXShellScriptBuildPhase;
			buildActionMask = 2147483647;
			files = (
			);
			inputPaths = (
			);
			outputPaths = (
			);
			runOnlyForDeploymentPostprocessing = 0;
			shellPath = /bin/sh;
			shellScript = "# Run the unit tests in this test bundle.\n\"${SYSTEM_DEVELOPER_DIR}/Tools/RunUnitTests\"\n";
		};
/* End PBXShellScriptBuildPhase section */

/* Begin PBXSourcesBuildPhase section */
		4AE2C1CE1424998500C67987 /* Sources */ = {
			isa = PBXSourcesBuildPhase;
			buildActionMask = 2147483647;
			files = (
				4ACBCB431425DC5700212514 /* Template.m in Sources */,
			);
			runOnlyForDeploymentPostprocessing = 0;
		};
		4AE2C1DA1424998500C67987 /* Sources */ = {
			isa = PBXSourcesBuildPhase;
			buildActionMask = 2147483647;
			files = (
				4ACBCB381425D73E00212514 /* UnitTests.m in Sources */,
			);
			runOnlyForDeploymentPostprocessing = 0;
		};
/* End PBXSourcesBuildPhase section */

/* Begin PBXTargetDependency section */
		4ACBCB3B1425DB6300212514 /* PBXTargetDependency */ = {
			isa = PBXTargetDependency;
			target = 4AE2C1D11424998500C67987 /* Template */;
			targetProxy = 4ACBCB3A1425DB6300212514 /* PBXContainerItemProxy */;
		};
/* End PBXTargetDependency section */

/* Begin XCBuildConfiguration section */
		4AE2C1F31424998500C67987 /* Debug */ = {
			isa = XCBuildConfiguration;
			baseConfigurationReference = 4AE2C2951424AA6E00C67987 /* Project.xcconfig */;
			buildSettings = {
				ARCHS = "$(ARCHS_STANDARD_32_BIT)";
				GCC_C_LANGUAGE_STANDARD = gnu99;
				GCC_OPTIMIZATION_LEVEL = 0;
				GCC_PREPROCESSOR_DEFINITIONS = DEBUG;
				GCC_SYMBOLS_PRIVATE_EXTERN = NO;
				GCC_VERSION = com.apple.compilers.llvmgcc42;
				GCC_WARN_ABOUT_RETURN_TYPE = YES;
				GCC_WARN_UNUSED_VARIABLE = YES;
				IPHONEOS_DEPLOYMENT_TARGET = 3.2;
				SDKROOT = iphoneos;
			};
			name = Debug;
		};
		4AE2C1F41424998500C67987 /* Release */ = {
			isa = XCBuildConfiguration;
			baseConfigurationReference = 4AE2C2951424AA6E00C67987 /* Project.xcconfig */;
			buildSettings = {
				ARCHS = "$(ARCHS_STANDARD_32_BIT)";
				GCC_C_LANGUAGE_STANDARD = gnu99;
				GCC_VERSION = com.apple.compilers.llvmgcc42;
				GCC_WARN_ABOUT_RETURN_TYPE = YES;
				GCC_WARN_UNUSED_VARIABLE = YES;
				IPHONEOS_DEPLOYMENT_TARGET = 3.2;
				SDKROOT = iphoneos;
			};
			name = Release;
		};
		4AE2C1F61424998500C67987 /* Debug */ = {
			isa = XCBuildConfiguration;
			baseConfigurationReference = 4AE2C2941424AA6E00C67987 /* Library.xcconfig */;
			buildSettings = {
			};
			name = Debug;
		};
		4AE2C1F71424998500C67987 /* Release */ = {
			isa = XCBuildConfiguration;
			baseConfigurationReference = 4AE2C2941424AA6E00C67987 /* Library.xcconfig */;
			buildSettings = {
			};
			name = Release;
		};
		4AE2C1F91424998500C67987 /* Debug */ = {
			isa = XCBuildConfiguration;
			baseConfigurationReference = 4AE2C2961424AA6E00C67987 /* UnitTests.xcconfig */;
			buildSettings = {
			};
			name = Debug;
		};
		4AE2C1FA1424998500C67987 /* Release */ = {
			isa = XCBuildConfiguration;
			baseConfigurationReference = 4AE2C2961424AA6E00C67987 /* UnitTests.xcconfig */;
			buildSettings = {
			};
			name = Release;
		};
/* End XCBuildConfiguration section */

/* Begin XCConfigurationList section */
		4AE2C1CC1424998500C67987 /* Build configuration list for PBXProject "Template" */ = {
			isa = XCConfigurationList;
			buildConfigurations = (
				4AE2C1F31424998500C67987 /* Debug */,
				4AE2C1F41424998500C67987 /* Release */,
			);
			defaultConfigurationIsVisible = 0;
			defaultConfigurationName = Release;
		};
		4AE2C1F51424998500C67987 /* Build configuration list for PBXNativeTarget "Template" */ = {
			isa = XCConfigurationList;
			buildConfigurations = (
				4AE2C1F61424998500C67987 /* Debug */,
				4AE2C1F71424998500C67987 /* Release */,
			);
			defaultConfigurationIsVisible = 0;
			defaultConfigurationName = Release;
		};
		4AE2C1F81424998500C67987 /* Build configuration list for PBXNativeTarget "UnitTests" */ = {
			isa = XCConfigurationList;
			buildConfigurations = (
				4AE2C1F91424998500C67987 /* Debug */,
				4AE2C1FA1424998500C67987 /* Release */,
			);
			defaultConfigurationIsVisible = 0;
			defaultConfigurationName = Release;
		};
/* End XCConfigurationList section */
	};
	rootObject = 4AE2C1C91424998500C67987 /* Project object */;
}
