// !$*UTF8*$!
{
	archiveVersion = 1;
	classes = {
	};
	objectVersion = 46;
	objects = {

/* Begin PBXBuildFile section */
		4AC4D3B31424794C0055F4CA /* AppDelegate.m in Sources */ = {isa = PBXBuildFile; fileRef = 4AC4D3B11424794C0055F4CA /* AppDelegate.m */; };
		4AC4D3B41424794C0055F4CA /* main.m in Sources */ = {isa = PBXBuildFile; fileRef = 4AC4D3B21424794C0055F4CA /* main.m */; };
		7E3D20681500BE2F008ACC1B /* GraphViewController.mm in Sources */ = {isa = PBXBuildFile; fileRef = 7E3D20671500BE2F008ACC1B /* GraphViewController.mm */; };
		7EC8FF911504CB1100F6193D /* TestGraphView.mm in Sources */ = {isa = PBXBuildFile; fileRef = 7EC8FF901504CB1100F6193D /* TestGraphView.mm */; };
		C97B07E615021F5200040728 /* libGraph2d.a in Frameworks */ = {isa = PBXBuildFile; fileRef = C97B07E415021F5200040728 /* libGraph2d.a */; };
		C97B07E715021F5200040728 /* libGraphView.a in Frameworks */ = {isa = PBXBuildFile; fileRef = C97B07E515021F5200040728 /* libGraphView.a */; };
		C985F88A14562C4400728C97 /* SCCalloutView.m in Sources */ = {isa = PBXBuildFile; fileRef = C985F88914562C4400728C97 /* SCCalloutView.m */; };
		C985F8A214562DBE00728C97 /* back.png in Resources */ = {isa = PBXBuildFile; fileRef = C985F88B14562DBE00728C97 /* back.png */; };
		C985F8A514562DBE00728C97 /* bluebrush.png in Resources */ = {isa = PBXBuildFile; fileRef = C985F88E14562DBE00728C97 /* bluebrush.png */; };
		C985F8A614562DBE00728C97 /* bluebrush1.png in Resources */ = {isa = PBXBuildFile; fileRef = C985F88F14562DBE00728C97 /* bluebrush1.png */; };
		C985F8A714562DBE00728C97 /* brush1.png in Resources */ = {isa = PBXBuildFile; fileRef = C985F89014562DBE00728C97 /* brush1.png */; };
		C985F8A814562DBE00728C97 /* brush.png in Resources */ = {isa = PBXBuildFile; fileRef = C985F89114562DBE00728C97 /* brush.png */; };
		C985F8A914562DBE00728C97 /* brushoption.png in Resources */ = {isa = PBXBuildFile; fileRef = C985F89214562DBE00728C97 /* brushoption.png */; };
		C985F8AA14562DBE00728C97 /* clearview.png in Resources */ = {isa = PBXBuildFile; fileRef = C985F89314562DBE00728C97 /* clearview.png */; };
		C985F8AB14562DBE00728C97 /* colormap.png in Resources */ = {isa = PBXBuildFile; fileRef = C985F89414562DBE00728C97 /* colormap.png */; };
		C985F8AC14562DBE00728C97 /* colormix.png in Resources */ = {isa = PBXBuildFile; fileRef = C985F89514562DBE00728C97 /* colormix.png */; };
		C985F8AD14562DBE00728C97 /* colormix1.png in Resources */ = {isa = PBXBuildFile; fileRef = C985F89614562DBE00728C97 /* colormix1.png */; };
		C985F8AF14562DBE00728C97 /* dashline.png in Resources */ = {isa = PBXBuildFile; fileRef = C985F89814562DBE00728C97 /* dashline.png */; };
		C985F8B014562DBE00728C97 /* downview.png in Resources */ = {isa = PBXBuildFile; fileRef = C985F89914562DBE00728C97 /* downview.png */; };
		C985F8B114562DBE00728C97 /* erase.png in Resources */ = {isa = PBXBuildFile; fileRef = C985F89A14562DBE00728C97 /* erase.png */; };
		C985F8B214562DBE00728C97 /* erase1.png in Resources */ = {isa = PBXBuildFile; fileRef = C985F89B14562DBE00728C97 /* erase1.png */; };
		C985F8B314562DBE00728C97 /* freedraw.png in Resources */ = {isa = PBXBuildFile; fileRef = C985F89C14562DBE00728C97 /* freedraw.png */; };
		C985F8B414562DBE00728C97 /* line.png in Resources */ = {isa = PBXBuildFile; fileRef = C985F89D14562DBE00728C97 /* line.png */; };
		C985F8B514562DBE00728C97 /* redbrush.png in Resources */ = {isa = PBXBuildFile; fileRef = C985F89E14562DBE00728C97 /* redbrush.png */; };
		C985F8B614562DBE00728C97 /* redbrush1.png in Resources */ = {isa = PBXBuildFile; fileRef = C985F89F14562DBE00728C97 /* redbrush1.png */; };
		C985F8B714562DBE00728C97 /* yellowbrush.png in Resources */ = {isa = PBXBuildFile; fileRef = C985F8A014562DBE00728C97 /* yellowbrush.png */; };
		C985F8B814562DBE00728C97 /* yellowbrush1.png in Resources */ = {isa = PBXBuildFile; fileRef = C985F8A114562DBE00728C97 /* yellowbrush1.png */; };
		C98AEA5B1456AF6900695359 /* back1.png in Resources */ = {isa = PBXBuildFile; fileRef = C98AEA5A1456AF6800695359 /* back1.png */; };
/* End PBXBuildFile section */

/* Begin PBXContainerItemProxy section */
		4A93E2DD1426EE920068F29D /* PBXContainerItemProxy */ = {
			isa = PBXContainerItemProxy;
			containerPortal = 4A93E2D51426EE920068F29D /* GraphView.xcodeproj */;
			proxyType = 2;
			remoteGlobalIDString = 4AE2C1D21424998500C67987;
			remoteInfo = GraphView;
		};
		4A93E2DF1426EE920068F29D /* PBXContainerItemProxy */ = {
			isa = PBXContainerItemProxy;
			containerPortal = 4A93E2D51426EE920068F29D /* GraphView.xcodeproj */;
			proxyType = 2;
			remoteGlobalIDString = 4AE2C1DF1424998500C67987;
			remoteInfo = GraphViewUnitTests;
		};
		4A93E2E91426EEA30068F29D /* PBXContainerItemProxy */ = {
			isa = PBXContainerItemProxy;
			containerPortal = 4A93E2E11426EEA30068F29D /* Graph2d.xcodeproj */;
			proxyType = 2;
			remoteGlobalIDString = 4AE2C1D21424998500C67987;
			remoteInfo = Graph2d;
		};
		4A93E2EB1426EEA30068F29D /* PBXContainerItemProxy */ = {
			isa = PBXContainerItemProxy;
			containerPortal = 4A93E2E11426EEA30068F29D /* Graph2d.xcodeproj */;
			proxyType = 2;
			remoteGlobalIDString = 4AE2C1DF1424998500C67987;
			remoteInfo = Graph2dUnitTests;
		};
		4A93E2FD1426EED10068F29D /* PBXContainerItemProxy */ = {
			isa = PBXContainerItemProxy;
			containerPortal = 4A93E2D51426EE920068F29D /* GraphView.xcodeproj */;
			proxyType = 1;
			remoteGlobalIDString = 4AE2C1D11424998500C67987;
			remoteInfo = GraphView;
		};
		C9340F2E15021BC800C2831C /* PBXContainerItemProxy */ = {
			isa = PBXContainerItemProxy;
			containerPortal = 4A93E2E11426EEA30068F29D /* Graph2d.xcodeproj */;
			proxyType = 1;
			remoteGlobalIDString = 4AE2C1D11424998500C67987;
			remoteInfo = Graph2d;
		};
/* End PBXContainerItemProxy section */

/* Begin PBXFileReference section */
		4A93E2D51426EE920068F29D /* GraphView.xcodeproj */ = {isa = PBXFileReference; lastKnownFileType = "wrapper.pb-project"; name = GraphView.xcodeproj; path = ../GraphView/GraphView.xcodeproj; sourceTree = "<group>"; };
		4A93E2E11426EEA30068F29D /* Graph2d.xcodeproj */ = {isa = PBXFileReference; lastKnownFileType = "wrapper.pb-project"; name = Graph2d.xcodeproj; path = ../Graph2d/Graph2d.xcodeproj; sourceTree = "<group>"; };
		4AC4D32F142455C60055F4CA /* iPadDraw.app */ = {isa = PBXFileReference; explicitFileType = wrapper.application; includeInIndex = 0; path = iPadDraw.app; sourceTree = BUILT_PRODUCTS_DIR; };
		4AC4D3B0142479420055F4CA /* AppDelegate.h */ = {isa = PBXFileReference; fileEncoding = 4; lastKnownFileType = sourcecode.c.h; name = AppDelegate.h; path = Headers/AppDelegate.h; sourceTree = SOURCE_ROOT; };
		4AC4D3B11424794C0055F4CA /* AppDelegate.m */ = {isa = PBXFileReference; fileEncoding = 4; lastKnownFileType = sourcecode.c.objc; name = AppDelegate.m; path = Sources/AppDelegate.m; sourceTree = SOURCE_ROOT; };
		4AC4D3B21424794C0055F4CA /* main.m */ = {isa = PBXFileReference; fileEncoding = 4; lastKnownFileType = sourcecode.c.objc; name = main.m; path = Sources/main.m; sourceTree = SOURCE_ROOT; };
		4AC4D3B51424795D0055F4CA /* App.xcconfig */ = {isa = PBXFileReference; fileEncoding = 4; lastKnownFileType = text.xcconfig; name = App.xcconfig; path = Configurations/App.xcconfig; sourceTree = "<group>"; };
		4AC4D3B61424795D0055F4CA /* Project.xcconfig */ = {isa = PBXFileReference; fileEncoding = 4; lastKnownFileType = text.xcconfig; name = Project.xcconfig; path = Configurations/Project.xcconfig; sourceTree = "<group>"; };
		4AE2C1A41424920700C67987 /* App-Info.plist */ = {isa = PBXFileReference; fileEncoding = 4; lastKnownFileType = text.plist.xml; name = "App-Info.plist"; path = "Resources/App-Info.plist"; sourceTree = SOURCE_ROOT; };
		7E3D20661500BE2F008ACC1B /* GraphViewController.h */ = {isa = PBXFileReference; fileEncoding = 4; lastKnownFileType = sourcecode.c.h; name = GraphViewController.h; path = Sources/GraphViewController.h; sourceTree = SOURCE_ROOT; };
		7E3D20671500BE2F008ACC1B /* GraphViewController.mm */ = {isa = PBXFileReference; fileEncoding = 4; lastKnownFileType = sourcecode.cpp.objcpp; name = GraphViewController.mm; path = Sources/GraphViewController.mm; sourceTree = SOURCE_ROOT; };
		7EC8FF8F1504CB1100F6193D /* TestGraphView.h */ = {isa = PBXFileReference; fileEncoding = 4; lastKnownFileType = sourcecode.c.h; name = TestGraphView.h; path = Sources/TestGraphView.h; sourceTree = SOURCE_ROOT; };
		7EC8FF901504CB1100F6193D /* TestGraphView.mm */ = {isa = PBXFileReference; fileEncoding = 4; lastKnownFileType = sourcecode.cpp.objcpp; name = TestGraphView.mm; path = Sources/TestGraphView.mm; sourceTree = SOURCE_ROOT; };
		C97B07E415021F5200040728 /* libGraph2d.a */ = {isa = PBXFileReference; explicitFileType = archive.ar; path = libGraph2d.a; sourceTree = BUILT_PRODUCTS_DIR; };
		C97B07E515021F5200040728 /* libGraphView.a */ = {isa = PBXFileReference; explicitFileType = archive.ar; path = libGraphView.a; sourceTree = BUILT_PRODUCTS_DIR; };
		C985F88814562C4400728C97 /* SCCalloutView.h */ = {isa = PBXFileReference; fileEncoding = 4; lastKnownFileType = sourcecode.c.h; name = SCCalloutView.h; path = Sources/SCCalloutView.h; sourceTree = SOURCE_ROOT; };
		C985F88914562C4400728C97 /* SCCalloutView.m */ = {isa = PBXFileReference; fileEncoding = 4; lastKnownFileType = sourcecode.c.objc; name = SCCalloutView.m; path = Sources/SCCalloutView.m; sourceTree = SOURCE_ROOT; };
		C985F88B14562DBE00728C97 /* back.png */ = {isa = PBXFileReference; lastKnownFileType = image.png; name = back.png; path = Resources/images/back.png; sourceTree = SOURCE_ROOT; };
		C985F88E14562DBE00728C97 /* bluebrush.png */ = {isa = PBXFileReference; lastKnownFileType = image.png; name = bluebrush.png; path = Resources/images/bluebrush.png; sourceTree = SOURCE_ROOT; };
		C985F88F14562DBE00728C97 /* bluebrush1.png */ = {isa = PBXFileReference; lastKnownFileType = image.png; name = bluebrush1.png; path = Resources/images/bluebrush1.png; sourceTree = SOURCE_ROOT; };
		C985F89014562DBE00728C97 /* brush1.png */ = {isa = PBXFileReference; lastKnownFileType = image.png; name = brush1.png; path = Resources/images/brush1.png; sourceTree = SOURCE_ROOT; };
		C985F89114562DBE00728C97 /* brush.png */ = {isa = PBXFileReference; lastKnownFileType = image.png; name = brush.png; path = Resources/images/brush.png; sourceTree = SOURCE_ROOT; };
		C985F89214562DBE00728C97 /* brushoption.png */ = {isa = PBXFileReference; lastKnownFileType = image.png; name = brushoption.png; path = Resources/images/brushoption.png; sourceTree = SOURCE_ROOT; };
		C985F89314562DBE00728C97 /* clearview.png */ = {isa = PBXFileReference; lastKnownFileType = image.png; name = clearview.png; path = Resources/images/clearview.png; sourceTree = SOURCE_ROOT; };
		C985F89414562DBE00728C97 /* colormap.png */ = {isa = PBXFileReference; lastKnownFileType = image.png; name = colormap.png; path = Resources/images/colormap.png; sourceTree = SOURCE_ROOT; };
		C985F89514562DBE00728C97 /* colormix.png */ = {isa = PBXFileReference; lastKnownFileType = image.png; name = colormix.png; path = Resources/images/colormix.png; sourceTree = SOURCE_ROOT; };
		C985F89614562DBE00728C97 /* colormix1.png */ = {isa = PBXFileReference; lastKnownFileType = image.png; name = colormix1.png; path = Resources/images/colormix1.png; sourceTree = SOURCE_ROOT; };
		C985F89814562DBE00728C97 /* dashline.png */ = {isa = PBXFileReference; lastKnownFileType = image.png; name = dashline.png; path = Resources/images/dashline.png; sourceTree = SOURCE_ROOT; };
		C985F89914562DBE00728C97 /* downview.png */ = {isa = PBXFileReference; lastKnownFileType = image.png; name = downview.png; path = Resources/images/downview.png; sourceTree = SOURCE_ROOT; };
		C985F89A14562DBE00728C97 /* erase.png */ = {isa = PBXFileReference; lastKnownFileType = image.png; name = erase.png; path = Resources/images/erase.png; sourceTree = SOURCE_ROOT; };
		C985F89B14562DBE00728C97 /* erase1.png */ = {isa = PBXFileReference; lastKnownFileType = image.png; name = erase1.png; path = Resources/images/erase1.png; sourceTree = SOURCE_ROOT; };
		C985F89C14562DBE00728C97 /* freedraw.png */ = {isa = PBXFileReference; lastKnownFileType = image.png; name = freedraw.png; path = Resources/images/freedraw.png; sourceTree = SOURCE_ROOT; };
		C985F89D14562DBE00728C97 /* line.png */ = {isa = PBXFileReference; lastKnownFileType = image.png; name = line.png; path = Resources/images/line.png; sourceTree = SOURCE_ROOT; };
		C985F89E14562DBE00728C97 /* redbrush.png */ = {isa = PBXFileReference; lastKnownFileType = image.png; name = redbrush.png; path = Resources/images/redbrush.png; sourceTree = SOURCE_ROOT; };
		C985F89F14562DBE00728C97 /* redbrush1.png */ = {isa = PBXFileReference; lastKnownFileType = image.png; name = redbrush1.png; path = Resources/images/redbrush1.png; sourceTree = SOURCE_ROOT; };
		C985F8A014562DBE00728C97 /* yellowbrush.png */ = {isa = PBXFileReference; lastKnownFileType = image.png; name = yellowbrush.png; path = Resources/images/yellowbrush.png; sourceTree = SOURCE_ROOT; };
		C985F8A114562DBE00728C97 /* yellowbrush1.png */ = {isa = PBXFileReference; lastKnownFileType = image.png; name = yellowbrush1.png; path = Resources/images/yellowbrush1.png; sourceTree = SOURCE_ROOT; };
		C98AEA5A1456AF6800695359 /* back1.png */ = {isa = PBXFileReference; lastKnownFileType = image.png; name = back1.png; path = Resources/images/back1.png; sourceTree = SOURCE_ROOT; };
/* End PBXFileReference section */

/* Begin PBXFrameworksBuildPhase section */
		4AC4D32C142455C60055F4CA /* Frameworks */ = {
			isa = PBXFrameworksBuildPhase;
			buildActionMask = 2147483647;
			files = (
				C97B07E615021F5200040728 /* libGraph2d.a in Frameworks */,
				C97B07E715021F5200040728 /* libGraphView.a in Frameworks */,
			);
			runOnlyForDeploymentPostprocessing = 0;
		};
/* End PBXFrameworksBuildPhase section */

/* Begin PBXGroup section */
		4A93E2D61426EE920068F29D /* Products */ = {
			isa = PBXGroup;
			children = (
				4A93E2DE1426EE920068F29D /* libGraphView.a */,
				4A93E2E01426EE920068F29D /* GraphViewUnitTests.octest */,
			);
			name = Products;
			sourceTree = "<group>";
		};
		4A93E2E21426EEA30068F29D /* Products */ = {
			isa = PBXGroup;
			children = (
				4A93E2EA1426EEA30068F29D /* libGraph2d.a */,
				4A93E2EC1426EEA30068F29D /* Graph2dUnitTests.octest */,
			);
			name = Products;
			sourceTree = "<group>";
		};
		4AC4D324142455C50055F4CA = {
			isa = PBXGroup;
			children = (
				4AC4D35A1424627A0055F4CA /* Sources */,
				4AC4D33A142455C60055F4CA /* Resources */,
				4AE2C17A1424866C00C67987 /* Dependencies */,
				4AC4D361142465220055F4CA /* Configurations */,
				4AC4D330142455C60055F4CA /* Products */,
			);
			sourceTree = "<group>";
		};
		4AC4D330142455C60055F4CA /* Products */ = {
			isa = PBXGroup;
			children = (
				4AC4D32F142455C60055F4CA /* iPadDraw.app */,
			);
			name = Products;
			sourceTree = "<group>";
		};
		4AC4D33A142455C60055F4CA /* Resources */ = {
			isa = PBXGroup;
			children = (
				C985F85914562BE200728C97 /* images */,
				4AE2C1A41424920700C67987 /* App-Info.plist */,
			);
			name = Resources;
			path = iPadDraw;
			sourceTree = "<group>";
		};
		4AC4D35A1424627A0055F4CA /* Sources */ = {
			isa = PBXGroup;
			children = (
				C985F88814562C4400728C97 /* SCCalloutView.h */,
				C985F88914562C4400728C97 /* SCCalloutView.m */,
				7EC8FF8F1504CB1100F6193D /* TestGraphView.h */,
				7EC8FF901504CB1100F6193D /* TestGraphView.mm */,
				7E3D20661500BE2F008ACC1B /* GraphViewController.h */,
				7E3D20671500BE2F008ACC1B /* GraphViewController.mm */,
				4AC4D3B21424794C0055F4CA /* main.m */,
				4AC4D3B0142479420055F4CA /* AppDelegate.h */,
				4AC4D3B11424794C0055F4CA /* AppDelegate.m */,
			);
			name = Sources;
			path = iPadDraw;
			sourceTree = "<group>";
		};
		4AC4D361142465220055F4CA /* Configurations */ = {
			isa = PBXGroup;
			children = (
				4AC4D3B51424795D0055F4CA /* App.xcconfig */,
				4AC4D3B61424795D0055F4CA /* Project.xcconfig */,
			);
			name = Configurations;
			sourceTree = "<group>";
		};
		4AE2C17A1424866C00C67987 /* Dependencies */ = {
			isa = PBXGroup;
			children = (
				C97B07E415021F5200040728 /* libGraph2d.a */,
				C97B07E515021F5200040728 /* libGraphView.a */,
				4A93E2D51426EE920068F29D /* GraphView.xcodeproj */,
				4A93E2E11426EEA30068F29D /* Graph2d.xcodeproj */,
			);
			name = Dependencies;
			sourceTree = "<group>";
		};
		C985F85914562BE200728C97 /* images */ = {
			isa = PBXGroup;
			children = (
				C98AEA5A1456AF6800695359 /* back1.png */,
				C985F88B14562DBE00728C97 /* back.png */,
				C985F88E14562DBE00728C97 /* bluebrush.png */,
				C985F88F14562DBE00728C97 /* bluebrush1.png */,
				C985F89014562DBE00728C97 /* brush1.png */,
				C985F89114562DBE00728C97 /* brush.png */,
				C985F89214562DBE00728C97 /* brushoption.png */,
				C985F89314562DBE00728C97 /* clearview.png */,
				C985F89414562DBE00728C97 /* colormap.png */,
				C985F89514562DBE00728C97 /* colormix.png */,
				C985F89614562DBE00728C97 /* colormix1.png */,
				C985F89814562DBE00728C97 /* dashline.png */,
				C985F89914562DBE00728C97 /* downview.png */,
				C985F89A14562DBE00728C97 /* erase.png */,
				C985F89B14562DBE00728C97 /* erase1.png */,
				C985F89C14562DBE00728C97 /* freedraw.png */,
				C985F89D14562DBE00728C97 /* line.png */,
				C985F89E14562DBE00728C97 /* redbrush.png */,
				C985F89F14562DBE00728C97 /* redbrush1.png */,
				C985F8A014562DBE00728C97 /* yellowbrush.png */,
				C985F8A114562DBE00728C97 /* yellowbrush1.png */,
			);
			name = images;
			path = ../../../drawingBoard/drawingBoard;
			sourceTree = "<group>";
		};
/* End PBXGroup section */

/* Begin PBXNativeTarget section */
		4AC4D32E142455C60055F4CA /* iPadDraw */ = {
			isa = PBXNativeTarget;
			buildConfigurationList = 4AC4D34A142455C60055F4CA /* Build configuration list for PBXNativeTarget "iPadDraw" */;
			buildPhases = (
				4AC4D32B142455C60055F4CA /* Sources */,
				4AC4D32C142455C60055F4CA /* Frameworks */,
				4AC4D32D142455C60055F4CA /* Resources */,
			);
			buildRules = (
			);
			dependencies = (
				C9340F2F15021BC800C2831C /* PBXTargetDependency */,
				4A93E2FE1426EED10068F29D /* PBXTargetDependency */,
			);
			name = iPadDraw;
			productName = iPadDraw;
			productReference = 4AC4D32F142455C60055F4CA /* iPadDraw.app */;
			productType = "com.apple.product-type.application";
		};
/* End PBXNativeTarget section */

/* Begin PBXProject section */
		4AC4D326142455C50055F4CA /* Project object */ = {
			isa = PBXProject;
			attributes = {
				LastUpgradeCheck = 0420;
				ORGANIZATIONNAME = com.yourcompany;
			};
			buildConfigurationList = 4AC4D329142455C50055F4CA /* Build configuration list for PBXProject "iPadDraw" */;
			compatibilityVersion = "Xcode 3.2";
			developmentRegion = English;
			hasScannedForEncodings = 0;
			knownRegions = (
				en,
			);
			mainGroup = 4AC4D324142455C50055F4CA;
			productRefGroup = 4AC4D330142455C60055F4CA /* Products */;
			projectDirPath = "";
			projectReferences = (
				{
					ProductGroup = 4A93E2E21426EEA30068F29D /* Products */;
					ProjectRef = 4A93E2E11426EEA30068F29D /* Graph2d.xcodeproj */;
				},
				{
					ProductGroup = 4A93E2D61426EE920068F29D /* Products */;
					ProjectRef = 4A93E2D51426EE920068F29D /* GraphView.xcodeproj */;
				},
			);
			projectRoot = "";
			targets = (
				4AC4D32E142455C60055F4CA /* iPadDraw */,
			);
		};
/* End PBXProject section */

/* Begin PBXReferenceProxy section */
		4A93E2DE1426EE920068F29D /* libGraphView.a */ = {
			isa = PBXReferenceProxy;
			fileType = archive.ar;
			path = libGraphView.a;
			remoteRef = 4A93E2DD1426EE920068F29D /* PBXContainerItemProxy */;
			sourceTree = BUILT_PRODUCTS_DIR;
		};
		4A93E2E01426EE920068F29D /* GraphViewUnitTests.octest */ = {
			isa = PBXReferenceProxy;
			fileType = wrapper.cfbundle;
			path = GraphViewUnitTests.octest;
			remoteRef = 4A93E2DF1426EE920068F29D /* PBXContainerItemProxy */;
			sourceTree = BUILT_PRODUCTS_DIR;
		};
		4A93E2EA1426EEA30068F29D /* libGraph2d.a */ = {
			isa = PBXReferenceProxy;
			fileType = archive.ar;
			path = libGraph2d.a;
			remoteRef = 4A93E2E91426EEA30068F29D /* PBXContainerItemProxy */;
			sourceTree = BUILT_PRODUCTS_DIR;
		};
		4A93E2EC1426EEA30068F29D /* Graph2dUnitTests.octest */ = {
			isa = PBXReferenceProxy;
			fileType = wrapper.cfbundle;
			path = Graph2dUnitTests.octest;
			remoteRef = 4A93E2EB1426EEA30068F29D /* PBXContainerItemProxy */;
			sourceTree = BUILT_PRODUCTS_DIR;
		};
/* End PBXReferenceProxy section */

/* Begin PBXResourcesBuildPhase section */
		4AC4D32D142455C60055F4CA /* Resources */ = {
			isa = PBXResourcesBuildPhase;
			buildActionMask = 2147483647;
			files = (
				C985F8A214562DBE00728C97 /* back.png in Resources */,
				C985F8A514562DBE00728C97 /* bluebrush.png in Resources */,
				C985F8A614562DBE00728C97 /* bluebrush1.png in Resources */,
				C985F8A714562DBE00728C97 /* brush1.png in Resources */,
				C985F8A814562DBE00728C97 /* brush.png in Resources */,
				C985F8A914562DBE00728C97 /* brushoption.png in Resources */,
				C985F8AA14562DBE00728C97 /* clearview.png in Resources */,
				C985F8AB14562DBE00728C97 /* colormap.png in Resources */,
				C985F8AC14562DBE00728C97 /* colormix.png in Resources */,
				C985F8AD14562DBE00728C97 /* colormix1.png in Resources */,
				C985F8AF14562DBE00728C97 /* dashline.png in Resources */,
				C985F8B014562DBE00728C97 /* downview.png in Resources */,
				C985F8B114562DBE00728C97 /* erase.png in Resources */,
				C985F8B214562DBE00728C97 /* erase1.png in Resources */,
				C985F8B314562DBE00728C97 /* freedraw.png in Resources */,
				C985F8B414562DBE00728C97 /* line.png in Resources */,
				C985F8B514562DBE00728C97 /* redbrush.png in Resources */,
				C985F8B614562DBE00728C97 /* redbrush1.png in Resources */,
				C985F8B714562DBE00728C97 /* yellowbrush.png in Resources */,
				C985F8B814562DBE00728C97 /* yellowbrush1.png in Resources */,
				C98AEA5B1456AF6900695359 /* back1.png in Resources */,
			);
			runOnlyForDeploymentPostprocessing = 0;
		};
/* End PBXResourcesBuildPhase section */

/* Begin PBXSourcesBuildPhase section */
		4AC4D32B142455C60055F4CA /* Sources */ = {
			isa = PBXSourcesBuildPhase;
			buildActionMask = 2147483647;
			files = (
				4AC4D3B31424794C0055F4CA /* AppDelegate.m in Sources */,
				4AC4D3B41424794C0055F4CA /* main.m in Sources */,
				7E3D20681500BE2F008ACC1B /* GraphViewController.mm in Sources */,
				7EC8FF911504CB1100F6193D /* TestGraphView.mm in Sources */,
				C985F88A14562C4400728C97 /* SCCalloutView.m in Sources */,
			);
			runOnlyForDeploymentPostprocessing = 0;
		};
/* End PBXSourcesBuildPhase section */

/* Begin PBXTargetDependency section */
		4A93E2FE1426EED10068F29D /* PBXTargetDependency */ = {
			isa = PBXTargetDependency;
			name = GraphView;
			targetProxy = 4A93E2FD1426EED10068F29D /* PBXContainerItemProxy */;
		};
		C9340F2F15021BC800C2831C /* PBXTargetDependency */ = {
			isa = PBXTargetDependency;
			name = Graph2d;
			targetProxy = C9340F2E15021BC800C2831C /* PBXContainerItemProxy */;
		};
/* End PBXTargetDependency section */

/* Begin XCBuildConfiguration section */
		4AC4D348142455C60055F4CA /* Debug */ = {
			isa = XCBuildConfiguration;
			baseConfigurationReference = 4AC4D3B61424795D0055F4CA /* Project.xcconfig */;
			buildSettings = {
				ARCHS = "$(ARCHS_UNIVERSAL_IPHONE_OS)";
				GCC_C_LANGUAGE_STANDARD = gnu99;
				GCC_OPTIMIZATION_LEVEL = 0;
				GCC_PREPROCESSOR_DEFINITIONS = DEBUG;
				GCC_SYMBOLS_PRIVATE_EXTERN = NO;
				GCC_VERSION = com.apple.compilers.llvmgcc42;
				GCC_WARN_ABOUT_RETURN_TYPE = YES;
				GCC_WARN_UNUSED_VARIABLE = YES;
				HEADER_SEARCH_PATHS = (
					"$(STDLIB_HEADERS)",
					"\"$(BUILT_PRODUCTS_DIR)/../iPad\"",
					"\"$(BUILT_PRODUCTS_DIR)/../../iPad\"",
					"\"$(CONFIGURATION_BUILD_DIR)/../../iPad\"",
					"\"$(BUILT_PRODUCTS_DIR)/../../iPad/Graph2d\"",
				);
				INFOPLIST_FILE = "";
				SDKROOT = iphoneos;
				TARGETED_DEVICE_FAMILY = "1,2";
			};
			name = Debug;
		};
		4AC4D349142455C60055F4CA /* Release */ = {
			isa = XCBuildConfiguration;
			baseConfigurationReference = 4AC4D3B61424795D0055F4CA /* Project.xcconfig */;
			buildSettings = {
				ARCHS = "$(ARCHS_UNIVERSAL_IPHONE_OS)";
				GCC_C_LANGUAGE_STANDARD = gnu99;
				GCC_VERSION = com.apple.compilers.llvmgcc42;
				GCC_WARN_ABOUT_RETURN_TYPE = YES;
				GCC_WARN_UNUSED_VARIABLE = YES;
				HEADER_SEARCH_PATHS = (
					"$(STDLIB_HEADERS)",
					"\"$(BUILT_PRODUCTS_DIR)/../iPad\"",
					"\"$(BUILT_PRODUCTS_DIR)/../../iPad\"",
					"\"$(CONFIGURATION_BUILD_DIR)/../../iPad\"",
					"\"$(BUILT_PRODUCTS_DIR)/../../iPad/Graph2d\"",
				);
				INFOPLIST_FILE = "";
				OTHER_CFLAGS = "-DNS_BLOCK_ASSERTIONS=1";
				SDKROOT = iphoneos;
				TARGETED_DEVICE_FAMILY = "1,2";
			};
			name = Release;
		};
		4AC4D34B142455C60055F4CA /* Debug */ = {
			isa = XCBuildConfiguration;
			baseConfigurationReference = 4AC4D3B51424795D0055F4CA /* App.xcconfig */;
			buildSettings = {
				COPY_PHASE_STRIP = NO;
				GCC_DYNAMIC_NO_PIC = NO;
				GCC_VERSION = com.apple.compilers.llvm.clang.1_0;
				HEADER_SEARCH_PATHS = (
					"$(STDLIB_HEADERS)",
					"\"$(BUILT_PRODUCTS_DIR)/../iPad\"",
					"\"$(BUILT_PRODUCTS_DIR)/../../iPad\"",
					"\"$(CONFIGURATION_BUILD_DIR)/../../iPad\"",
					"\"$(BUILT_PRODUCTS_DIR)/../../iPad/Graph2d\"",
				);
				LIBRARY_SEARCH_PATHS = (
					"$(inherited)",
					"\"$(SRCROOT)\"",
				);
				WRAPPER_EXTENSION = app;
			};
			name = Debug;
		};
		4AC4D34C142455C60055F4CA /* Release */ = {
			isa = XCBuildConfiguration;
			baseConfigurationReference = 4AC4D3B51424795D0055F4CA /* App.xcconfig */;
			buildSettings = {
				COPY_PHASE_STRIP = YES;
				GCC_VERSION = com.apple.compilers.llvm.clang.1_0;
				HEADER_SEARCH_PATHS = (
					"$(STDLIB_HEADERS)",
					"\"$(BUILT_PRODUCTS_DIR)/../iPad\"",
					"\"$(BUILT_PRODUCTS_DIR)/../../iPad\"",
					"\"$(CONFIGURATION_BUILD_DIR)/../../iPad\"",
					"\"$(BUILT_PRODUCTS_DIR)/../../iPad/Graph2d\"",
				);
				LIBRARY_SEARCH_PATHS = (
					"$(inherited)",
					"\"$(SRCROOT)\"",
				);
				VALIDATE_PRODUCT = YES;
				WRAPPER_EXTENSION = app;
			};
			name = Release;
		};
		4AC4D35514245DB30055F4CA /* Enterprise */ = {
			isa = XCBuildConfiguration;
			baseConfigurationReference = 4AC4D3B61424795D0055F4CA /* Project.xcconfig */;
			buildSettings = {
				ARCHS = "$(ARCHS_UNIVERSAL_IPHONE_OS)";
				GCC_C_LANGUAGE_STANDARD = gnu99;
				GCC_VERSION = com.apple.compilers.llvmgcc42;
				GCC_WARN_ABOUT_RETURN_TYPE = YES;
				GCC_WARN_UNUSED_VARIABLE = YES;
				HEADER_SEARCH_PATHS = (
					"$(STDLIB_HEADERS)",
					"\"$(BUILT_PRODUCTS_DIR)/../iPad\"",
					"\"$(BUILT_PRODUCTS_DIR)/../../iPad\"",
					"\"$(CONFIGURATION_BUILD_DIR)/../../iPad\"",
					"\"$(BUILT_PRODUCTS_DIR)/../../iPad/Graph2d\"",
				);
				INFOPLIST_FILE = "";
				OTHER_CFLAGS = "-DNS_BLOCK_ASSERTIONS=1";
				SDKROOT = iphoneos;
				TARGETED_DEVICE_FAMILY = "1,2";
			};
			name = Enterprise;
		};
		4AC4D35614245DB30055F4CA /* Enterprise */ = {
			isa = XCBuildConfiguration;
			baseConfigurationReference = 4AC4D3B51424795D0055F4CA /* App.xcconfig */;
			buildSettings = {
				COPY_PHASE_STRIP = YES;
				GCC_VERSION = com.apple.compilers.llvm.clang.1_0;
				HEADER_SEARCH_PATHS = (
					"$(STDLIB_HEADERS)",
					"\"$(BUILT_PRODUCTS_DIR)/../iPad\"",
					"\"$(BUILT_PRODUCTS_DIR)/../../iPad\"",
					"\"$(CONFIGURATION_BUILD_DIR)/../../iPad\"",
					"\"$(BUILT_PRODUCTS_DIR)/../../iPad/Graph2d\"",
				);
				LIBRARY_SEARCH_PATHS = (
					"$(inherited)",
					"\"$(SRCROOT)\"",
				);
				VALIDATE_PRODUCT = YES;
				WRAPPER_EXTENSION = app;
			};
			name = Enterprise;
		};
		4AC4D35714245DBF0055F4CA /* AppStore */ = {
			isa = XCBuildConfiguration;
			baseConfigurationReference = 4AC4D3B61424795D0055F4CA /* Project.xcconfig */;
			buildSettings = {
				ARCHS = "$(ARCHS_UNIVERSAL_IPHONE_OS)";
				GCC_C_LANGUAGE_STANDARD = gnu99;
				GCC_VERSION = com.apple.compilers.llvmgcc42;
				GCC_WARN_ABOUT_RETURN_TYPE = YES;
				GCC_WARN_UNUSED_VARIABLE = YES;
				HEADER_SEARCH_PATHS = (
					"$(STDLIB_HEADERS)",
					"\"$(BUILT_PRODUCTS_DIR)/../iPad\"",
					"\"$(BUILT_PRODUCTS_DIR)/../../iPad\"",
					"\"$(CONFIGURATION_BUILD_DIR)/../../iPad\"",
					"\"$(BUILT_PRODUCTS_DIR)/../../iPad/Graph2d\"",
				);
				INFOPLIST_FILE = "";
				OTHER_CFLAGS = "-DNS_BLOCK_ASSERTIONS=1";
				SDKROOT = iphoneos;
				TARGETED_DEVICE_FAMILY = "1,2";
			};
			name = AppStore;
		};
		4AC4D35814245DBF0055F4CA /* AppStore */ = {
			isa = XCBuildConfiguration;
			baseConfigurationReference = 4AC4D3B51424795D0055F4CA /* App.xcconfig */;
			buildSettings = {
				COPY_PHASE_STRIP = YES;
				GCC_VERSION = com.apple.compilers.llvm.clang.1_0;
				HEADER_SEARCH_PATHS = (
					"$(STDLIB_HEADERS)",
					"\"$(BUILT_PRODUCTS_DIR)/../iPad\"",
					"\"$(BUILT_PRODUCTS_DIR)/../../iPad\"",
					"\"$(CONFIGURATION_BUILD_DIR)/../../iPad\"",
					"\"$(BUILT_PRODUCTS_DIR)/../../iPad/Graph2d\"",
				);
				LIBRARY_SEARCH_PATHS = (
					"$(inherited)",
					"\"$(SRCROOT)\"",
				);
				VALIDATE_PRODUCT = YES;
				WRAPPER_EXTENSION = app;
			};
			name = AppStore;
		};
/* End XCBuildConfiguration section */

/* Begin XCConfigurationList section */
		4AC4D329142455C50055F4CA /* Build configuration list for PBXProject "iPadDraw" */ = {
			isa = XCConfigurationList;
			buildConfigurations = (
				4AC4D348142455C60055F4CA /* Debug */,
				4AC4D349142455C60055F4CA /* Release */,
				4AC4D35514245DB30055F4CA /* Enterprise */,
				4AC4D35714245DBF0055F4CA /* AppStore */,
			);
			defaultConfigurationIsVisible = 0;
			defaultConfigurationName = Release;
		};
		4AC4D34A142455C60055F4CA /* Build configuration list for PBXNativeTarget "iPadDraw" */ = {
			isa = XCConfigurationList;
			buildConfigurations = (
				4AC4D34B142455C60055F4CA /* Debug */,
				4AC4D34C142455C60055F4CA /* Release */,
				4AC4D35614245DB30055F4CA /* Enterprise */,
				4AC4D35814245DBF0055F4CA /* AppStore */,
			);
			defaultConfigurationIsVisible = 0;
			defaultConfigurationName = Release;
		};
/* End XCConfigurationList section */
	};
	rootObject = 4AC4D326142455C50055F4CA /* Project object */;
}
