// !$*UTF8*$!
{
	archiveVersion = 1;
	classes = {
	};
	objectVersion = 46;
	objects = {

/* Begin PBXBuildFile section */
		4ACBCB381425D73E00212514 /* GraphViewTests.m in Sources */ = {isa = PBXBuildFile; fileRef = 4AE2C26A1424A47000C67987 /* GraphViewTests.m */; };
		4AE2C1E71424998500C67987 /* libGraphView.a in Frameworks */ = {isa = PBXBuildFile; fileRef = 4AE2C1D21424998500C67987 /* libGraphView.a */; };
		9D98C69E1512DEBE00DA83AE /* GiCmdController.h in Headers */ = {isa = PBXBuildFile; fileRef = 9D98C69C1512DEBE00DA83AE /* GiCmdController.h */; };
		9D98C69F1512DEBE00DA83AE /* GiCmdController.mm in Sources */ = {isa = PBXBuildFile; fileRef = 9D98C69D1512DEBE00DA83AE /* GiCmdController.mm */; };
		C99CC9EC1448794E00802345 /* GiViewController.h in Headers */ = {isa = PBXBuildFile; fileRef = C99CC9EB1448794E00802345 /* GiViewController.h */; settings = {ATTRIBUTES = (Public, ); }; };
		C99CC9EE1448795600802345 /* GiViewController.mm in Sources */ = {isa = PBXBuildFile; fileRef = C99CC9ED1448795600802345 /* GiViewController.mm */; };
		C9A22A1E15020808008AA1EA /* GiGraphIos.h in Headers */ = {isa = PBXBuildFile; fileRef = C9A22A1C15020808008AA1EA /* GiGraphIos.h */; settings = {ATTRIBUTES = (Public, ); }; };
		C9A22A1F15020808008AA1EA /* GiGraphView.h in Headers */ = {isa = PBXBuildFile; fileRef = C9A22A1D15020808008AA1EA /* GiGraphView.h */; settings = {ATTRIBUTES = (Public, ); }; };
		C9A22A221502081D008AA1EA /* GiGraphIos.cpp in Sources */ = {isa = PBXBuildFile; fileRef = C9A22A201502081D008AA1EA /* GiGraphIos.cpp */; };
		C9A22A231502081D008AA1EA /* GiGraphView.mm in Sources */ = {isa = PBXBuildFile; fileRef = C9A22A211502081D008AA1EA /* GiGraphView.mm */; };
		C9A22A25150208C4008AA1EA /* CoreGraphics.framework in Frameworks */ = {isa = PBXBuildFile; fileRef = C9A22A24150208C4008AA1EA /* CoreGraphics.framework */; };
		C9A22A2815020956008AA1EA /* UIKit.framework in Frameworks */ = {isa = PBXBuildFile; fileRef = C9A22A2715020956008AA1EA /* UIKit.framework */; };
/* End PBXBuildFile section */

/* Begin PBXContainerItemProxy section */
		4ACBCB3A1425DB6300212514 /* PBXContainerItemProxy */ = {
			isa = PBXContainerItemProxy;
			containerPortal = 4AE2C1C91424998500C67987 /* Project object */;
			proxyType = 1;
			remoteGlobalIDString = 4AE2C1D11424998500C67987;
			remoteInfo = Template;
		};
		C9340F26150216B500C2831C /* PBXContainerItemProxy */ = {
			isa = PBXContainerItemProxy;
			containerPortal = C9340F21150216B500C2831C /* Graph2d.xcodeproj */;
			proxyType = 2;
			remoteGlobalIDString = 4AE2C1D21424998500C67987;
			remoteInfo = Graph2d;
		};
		C9340F28150216B500C2831C /* PBXContainerItemProxy */ = {
			isa = PBXContainerItemProxy;
			containerPortal = C9340F21150216B500C2831C /* Graph2d.xcodeproj */;
			proxyType = 2;
			remoteGlobalIDString = 4AE2C1DF1424998500C67987;
			remoteInfo = Graph2dUnitTests;
		};
		C9340F2B150216C300C2831C /* PBXContainerItemProxy */ = {
			isa = PBXContainerItemProxy;
			containerPortal = C9340F21150216B500C2831C /* Graph2d.xcodeproj */;
			proxyType = 1;
			remoteGlobalIDString = 4AE2C1D11424998500C67987;
			remoteInfo = Graph2d;
		};
/* End PBXContainerItemProxy section */

/* Begin PBXFileReference section */
		4AE2C1D21424998500C67987 /* libGraphView.a */ = {isa = PBXFileReference; explicitFileType = archive.ar; includeInIndex = 0; path = libGraphView.a; sourceTree = BUILT_PRODUCTS_DIR; };
		4AE2C1DF1424998500C67987 /* GraphViewUnitTests.octest */ = {isa = PBXFileReference; explicitFileType = wrapper.cfbundle; includeInIndex = 0; path = GraphViewUnitTests.octest; sourceTree = BUILT_PRODUCTS_DIR; };
		4AE2C2691424A47000C67987 /* GraphViewTests.h */ = {isa = PBXFileReference; fileEncoding = 4; lastKnownFileType = sourcecode.c.h; name = GraphViewTests.h; path = UnitTests/GraphViewTests.h; sourceTree = SOURCE_ROOT; };
		4AE2C26A1424A47000C67987 /* GraphViewTests.m */ = {isa = PBXFileReference; fileEncoding = 4; lastKnownFileType = sourcecode.c.objc; name = GraphViewTests.m; path = UnitTests/GraphViewTests.m; sourceTree = SOURCE_ROOT; };
		4AE2C2921424A99700C67987 /* UnitTests-Info.plist */ = {isa = PBXFileReference; fileEncoding = 4; lastKnownFileType = text.plist.xml; name = "UnitTests-Info.plist"; path = "UnitTests/Resources/UnitTests-Info.plist"; sourceTree = SOURCE_ROOT; };
		4AE2C2941424AA6E00C67987 /* Library.xcconfig */ = {isa = PBXFileReference; fileEncoding = 4; lastKnownFileType = text.xcconfig; name = Library.xcconfig; path = Configurations/Library.xcconfig; sourceTree = "<group>"; };
		4AE2C2951424AA6E00C67987 /* Project.xcconfig */ = {isa = PBXFileReference; fileEncoding = 4; lastKnownFileType = text.xcconfig; name = Project.xcconfig; path = Configurations/Project.xcconfig; sourceTree = "<group>"; };
		4AE2C2961424AA6E00C67987 /* UnitTests.xcconfig */ = {isa = PBXFileReference; fileEncoding = 4; lastKnownFileType = text.xcconfig; name = UnitTests.xcconfig; path = Configurations/UnitTests.xcconfig; sourceTree = "<group>"; };
		4AE2C29F1424ACE700C67987 /* GraphView_Prefix.pch */ = {isa = PBXFileReference; fileEncoding = 4; lastKnownFileType = sourcecode.c.h; name = GraphView_Prefix.pch; path = Headers/GraphView_Prefix.pch; sourceTree = "<group>"; };
		9D98C69C1512DEBE00DA83AE /* GiCmdController.h */ = {isa = PBXFileReference; fileEncoding = 4; lastKnownFileType = sourcecode.c.h; name = GiCmdController.h; path = Sources/GiCmdController.h; sourceTree = "<group>"; };
		9D98C69D1512DEBE00DA83AE /* GiCmdController.mm */ = {isa = PBXFileReference; fileEncoding = 4; lastKnownFileType = sourcecode.cpp.objcpp; name = GiCmdController.mm; path = Sources/GiCmdController.mm; sourceTree = "<group>"; };
		C9340F21150216B500C2831C /* Graph2d.xcodeproj */ = {isa = PBXFileReference; lastKnownFileType = "wrapper.pb-project"; name = Graph2d.xcodeproj; path = ../Graph2d/Graph2d.xcodeproj; sourceTree = "<group>"; };
		C99CC9EB1448794E00802345 /* GiViewController.h */ = {isa = PBXFileReference; fileEncoding = 4; lastKnownFileType = sourcecode.c.h; name = GiViewController.h; path = Headers/GiViewController.h; sourceTree = "<group>"; };
		C99CC9ED1448795600802345 /* GiViewController.mm */ = {isa = PBXFileReference; fileEncoding = 4; lastKnownFileType = sourcecode.cpp.objcpp; name = GiViewController.mm; path = Sources/GiViewController.mm; sourceTree = "<group>"; };
		C9A22A1C15020808008AA1EA /* GiGraphIos.h */ = {isa = PBXFileReference; fileEncoding = 4; lastKnownFileType = sourcecode.c.h; name = GiGraphIos.h; path = Headers/GiGraphIos.h; sourceTree = "<group>"; };
		C9A22A1D15020808008AA1EA /* GiGraphView.h */ = {isa = PBXFileReference; fileEncoding = 4; lastKnownFileType = sourcecode.c.h; name = GiGraphView.h; path = Headers/GiGraphView.h; sourceTree = "<group>"; };
		C9A22A201502081D008AA1EA /* GiGraphIos.cpp */ = {isa = PBXFileReference; fileEncoding = 4; lastKnownFileType = sourcecode.cpp.cpp; name = GiGraphIos.cpp; path = Sources/GiGraphIos.cpp; sourceTree = "<group>"; };
		C9A22A211502081D008AA1EA /* GiGraphView.mm */ = {isa = PBXFileReference; fileEncoding = 4; lastKnownFileType = sourcecode.cpp.objcpp; name = GiGraphView.mm; path = Sources/GiGraphView.mm; sourceTree = "<group>"; };
		C9A22A24150208C4008AA1EA /* CoreGraphics.framework */ = {isa = PBXFileReference; lastKnownFileType = wrapper.framework; name = CoreGraphics.framework; path = System/Library/Frameworks/CoreGraphics.framework; sourceTree = SDKROOT; };
		C9A22A2715020956008AA1EA /* UIKit.framework */ = {isa = PBXFileReference; lastKnownFileType = wrapper.framework; name = UIKit.framework; path = System/Library/Frameworks/UIKit.framework; sourceTree = SDKROOT; };
/* End PBXFileReference section */

/* Begin PBXFrameworksBuildPhase section */
		4AE2C1CF1424998500C67987 /* Frameworks */ = {
			isa = PBXFrameworksBuildPhase;
			buildActionMask = 2147483647;
			files = (
				C9A22A2815020956008AA1EA /* UIKit.framework in Frameworks */,
				C9A22A25150208C4008AA1EA /* CoreGraphics.framework in Frameworks */,
			);
			runOnlyForDeploymentPostprocessing = 0;
		};
		4AE2C1DB1424998500C67987 /* Frameworks */ = {
			isa = PBXFrameworksBuildPhase;
			buildActionMask = 2147483647;
			files = (
				4AE2C1E71424998500C67987 /* libGraphView.a in Frameworks */,
			);
			runOnlyForDeploymentPostprocessing = 0;
		};
/* End PBXFrameworksBuildPhase section */

/* Begin PBXGroup section */
		4AE2C1C71424998500C67987 = {
			isa = PBXGroup;
			children = (
				9D98C69C1512DEBE00DA83AE /* GiCmdController.h */,
				C99CC9EB1448794E00802345 /* GiViewController.h */,
				C9A22A1C15020808008AA1EA /* GiGraphIos.h */,
				C9A22A1D15020808008AA1EA /* GiGraphView.h */,
				4AE2C29F1424ACE700C67987 /* GraphView_Prefix.pch */,
				4AE2C21514249CD300C67987 /* Sources */,
				4AE2C1E81424998500C67987 /* Tests */,
				C9A22A2615020911008AA1EA /* Frameworks */,
				C9340F2D1502187000C2831C /* Dependencies */,
				4AE2C21214249C2E00C67987 /* Configurations */,
				4AE2C1D31424998500C67987 /* Products */,
			);
			sourceTree = "<group>";
		};
		4AE2C1D31424998500C67987 /* Products */ = {
			isa = PBXGroup;
			children = (
				4AE2C1D21424998500C67987 /* libGraphView.a */,
				4AE2C1DF1424998500C67987 /* GraphViewUnitTests.octest */,
			);
			name = Products;
			sourceTree = "<group>";
		};
		4AE2C1E81424998500C67987 /* Tests */ = {
			isa = PBXGroup;
			children = (
				4AE2C2931424AA2B00C67987 /* Resources */,
				4AE2C2691424A47000C67987 /* GraphViewTests.h */,
				4AE2C26A1424A47000C67987 /* GraphViewTests.m */,
			);
			name = Tests;
			path = UnitTests;
			sourceTree = "<group>";
		};
		4AE2C21214249C2E00C67987 /* Configurations */ = {
			isa = PBXGroup;
			children = (
				4AE2C2941424AA6E00C67987 /* Library.xcconfig */,
				4AE2C2951424AA6E00C67987 /* Project.xcconfig */,
				4AE2C2961424AA6E00C67987 /* UnitTests.xcconfig */,
			);
			name = Configurations;
			sourceTree = "<group>";
		};
		4AE2C21514249CD300C67987 /* Sources */ = {
			isa = PBXGroup;
			children = (
				9D98C69D1512DEBE00DA83AE /* GiCmdController.mm */,
				C99CC9ED1448795600802345 /* GiViewController.mm */,
				C9A22A201502081D008AA1EA /* GiGraphIos.cpp */,
				C9A22A211502081D008AA1EA /* GiGraphView.mm */,
			);
			name = Sources;
			sourceTree = "<group>";
		};
		4AE2C2931424AA2B00C67987 /* Resources */ = {
			isa = PBXGroup;
			children = (
				4AE2C2921424A99700C67987 /* UnitTests-Info.plist */,
			);
			name = Resources;
			sourceTree = "<group>";
		};
		C9340F22150216B500C2831C /* Products */ = {
			isa = PBXGroup;
			children = (
				C9340F27150216B500C2831C /* libGraph2d.a */,
				C9340F29150216B500C2831C /* Graph2dUnitTests.octest */,
			);
			name = Products;
			sourceTree = "<group>";
		};
		C9340F2D1502187000C2831C /* Dependencies */ = {
			isa = PBXGroup;
			children = (
				C9340F21150216B500C2831C /* Graph2d.xcodeproj */,
			);
			name = Dependencies;
			sourceTree = "<group>";
		};
		C9A22A2615020911008AA1EA /* Frameworks */ = {
			isa = PBXGroup;
			children = (
				C9A22A2715020956008AA1EA /* UIKit.framework */,
				C9A22A24150208C4008AA1EA /* CoreGraphics.framework */,
			);
			name = Frameworks;
			sourceTree = "<group>";
		};
/* End PBXGroup section */

/* Begin PBXHeadersBuildPhase section */
		4AE2C1D01424998500C67987 /* Headers */ = {
			isa = PBXHeadersBuildPhase;
			buildActionMask = 2147483647;
			files = (
				C9A22A1E15020808008AA1EA /* GiGraphIos.h in Headers */,
				C9A22A1F15020808008AA1EA /* GiGraphView.h in Headers */,
				C99CC9EC1448794E00802345 /* GiViewController.h in Headers */,
				9D98C69E1512DEBE00DA83AE /* GiCmdController.h in Headers */,
			);
			runOnlyForDeploymentPostprocessing = 0;
		};
/* End PBXHeadersBuildPhase section */

/* Begin PBXNativeTarget section */
		4AE2C1D11424998500C67987 /* GraphView */ = {
			isa = PBXNativeTarget;
			buildConfigurationList = 4AE2C1F51424998500C67987 /* Build configuration list for PBXNativeTarget "GraphView" */;
			buildPhases = (
				4AE2C1CE1424998500C67987 /* Sources */,
				4AE2C1CF1424998500C67987 /* Frameworks */,
				4AE2C1D01424998500C67987 /* Headers */,
			);
			buildRules = (
			);
			dependencies = (
				C9340F2C150216C300C2831C /* PBXTargetDependency */,
			);
			name = GraphView;
			productName = LibTemplate;
			productReference = 4AE2C1D21424998500C67987 /* libGraphView.a */;
			productType = "com.apple.product-type.library.static";
		};
		4AE2C1DE1424998500C67987 /* GraphViewUnitTests */ = {
			isa = PBXNativeTarget;
			buildConfigurationList = 4AE2C1F81424998500C67987 /* Build configuration list for PBXNativeTarget "GraphViewUnitTests" */;
			buildPhases = (
				4AE2C1DA1424998500C67987 /* Sources */,
				4AE2C1DB1424998500C67987 /* Frameworks */,
				4AE2C1DC1424998500C67987 /* Resources */,
				4AE2C1DD1424998500C67987 /* ShellScript */,
			);
			buildRules = (
			);
			dependencies = (
				4ACBCB3B1425DB6300212514 /* PBXTargetDependency */,
			);
			name = GraphViewUnitTests;
			productName = UnitTests;
			productReference = 4AE2C1DF1424998500C67987 /* GraphViewUnitTests.octest */;
			productType = "com.apple.product-type.bundle";
		};
/* End PBXNativeTarget section */

/* Begin PBXProject section */
		4AE2C1C91424998500C67987 /* Project object */ = {
			isa = PBXProject;
			attributes = {
				LastUpgradeCheck = 0420;
				ORGANIZATIONNAME = github.com/rhcad;
			};
			buildConfigurationList = 4AE2C1CC1424998500C67987 /* Build configuration list for PBXProject "GraphView" */;
			compatibilityVersion = "Xcode 3.2";
			developmentRegion = English;
			hasScannedForEncodings = 0;
			knownRegions = (
				en,
			);
			mainGroup = 4AE2C1C71424998500C67987;
			productRefGroup = 4AE2C1D31424998500C67987 /* Products */;
			projectDirPath = "";
			projectReferences = (
				{
					ProductGroup = C9340F22150216B500C2831C /* Products */;
					ProjectRef = C9340F21150216B500C2831C /* Graph2d.xcodeproj */;
				},
			);
			projectRoot = "";
			targets = (
				4AE2C1D11424998500C67987 /* GraphView */,
				4AE2C1DE1424998500C67987 /* GraphViewUnitTests */,
			);
		};
/* End PBXProject section */

/* Begin PBXReferenceProxy section */
		C9340F27150216B500C2831C /* libGraph2d.a */ = {
			isa = PBXReferenceProxy;
			fileType = archive.ar;
			path = libGraph2d.a;
			remoteRef = C9340F26150216B500C2831C /* PBXContainerItemProxy */;
			sourceTree = BUILT_PRODUCTS_DIR;
		};
		C9340F29150216B500C2831C /* Graph2dUnitTests.octest */ = {
			isa = PBXReferenceProxy;
			fileType = wrapper.cfbundle;
			path = Graph2dUnitTests.octest;
			remoteRef = C9340F28150216B500C2831C /* PBXContainerItemProxy */;
			sourceTree = BUILT_PRODUCTS_DIR;
		};
/* End PBXReferenceProxy section */

/* Begin PBXResourcesBuildPhase section */
		4AE2C1DC1424998500C67987 /* Resources */ = {
			isa = PBXResourcesBuildPhase;
			buildActionMask = 2147483647;
			files = (
			);
			runOnlyForDeploymentPostprocessing = 0;
		};
/* End PBXResourcesBuildPhase section */

/* Begin PBXShellScriptBuildPhase section */
		4AE2C1DD1424998500C67987 /* ShellScript */ = {
			isa = PBXShellScriptBuildPhase;
			buildActionMask = 2147483647;
			files = (
			);
			inputPaths = (
			);
			outputPaths = (
			);
			runOnlyForDeploymentPostprocessing = 0;
			shellPath = /bin/sh;
			shellScript = "# Run the unit tests in this test bundle.\n\"${SYSTEM_DEVELOPER_DIR}/Tools/RunUnitTests\"\n";
		};
/* End PBXShellScriptBuildPhase section */

/* Begin PBXSourcesBuildPhase section */
		4AE2C1CE1424998500C67987 /* Sources */ = {
			isa = PBXSourcesBuildPhase;
			buildActionMask = 2147483647;
			files = (
				C9A22A221502081D008AA1EA /* GiGraphIos.cpp in Sources */,
				C9A22A231502081D008AA1EA /* GiGraphView.mm in Sources */,
				C99CC9EE1448795600802345 /* GiViewController.mm in Sources */,
				9D98C69F1512DEBE00DA83AE /* GiCmdController.mm in Sources */,
			);
			runOnlyForDeploymentPostprocessing = 0;
		};
		4AE2C1DA1424998500C67987 /* Sources */ = {
			isa = PBXSourcesBuildPhase;
			buildActionMask = 2147483647;
			files = (
				4ACBCB381425D73E00212514 /* GraphViewTests.m in Sources */,
			);
			runOnlyForDeploymentPostprocessing = 0;
		};
/* End PBXSourcesBuildPhase section */

/* Begin PBXTargetDependency section */
		4ACBCB3B1425DB6300212514 /* PBXTargetDependency */ = {
			isa = PBXTargetDependency;
			target = 4AE2C1D11424998500C67987 /* GraphView */;
			targetProxy = 4ACBCB3A1425DB6300212514 /* PBXContainerItemProxy */;
		};
		C9340F2C150216C300C2831C /* PBXTargetDependency */ = {
			isa = PBXTargetDependency;
			name = Graph2d;
			targetProxy = C9340F2B150216C300C2831C /* PBXContainerItemProxy */;
		};
/* End PBXTargetDependency section */

/* Begin XCBuildConfiguration section */
		4AE2C1F31424998500C67987 /* Debug */ = {
			isa = XCBuildConfiguration;
			baseConfigurationReference = 4AE2C2951424AA6E00C67987 /* Project.xcconfig */;
			buildSettings = {
				ARCHS = "$(ARCHS_STANDARD_32_BIT)";
				GCC_C_LANGUAGE_STANDARD = gnu99;
				GCC_OPTIMIZATION_LEVEL = 0;
				GCC_PREPROCESSOR_DEFINITIONS = DEBUG;
				GCC_SYMBOLS_PRIVATE_EXTERN = NO;
				GCC_VERSION = com.apple.compilers.llvmgcc42;
				GCC_WARN_ABOUT_RETURN_TYPE = YES;
				GCC_WARN_UNUSED_VARIABLE = YES;
				HEADER_SEARCH_PATHS = (
					"$(STDLIB_HEADERS)",
					"\"$(BUILT_PRODUCTS_DIR)/../iPad\"",
					"\"$(BUILT_PRODUCTS_DIR)/../../iPad\"",
					"\"$(CONFIGURATION_BUILD_DIR)/../../iPad\"",
					"\"$(BUILT_PRODUCTS_DIR)/../../iPad/Graph2d\"",
				);
				IPHONEOS_DEPLOYMENT_TARGET = 4.2;
				SDKROOT = iphoneos;
			};
			name = Debug;
		};
		4AE2C1F41424998500C67987 /* Release */ = {
			isa = XCBuildConfiguration;
			baseConfigurationReference = 4AE2C2951424AA6E00C67987 /* Project.xcconfig */;
			buildSettings = {
				ARCHS = "$(ARCHS_STANDARD_32_BIT)";
				GCC_C_LANGUAGE_STANDARD = gnu99;
				GCC_VERSION = com.apple.compilers.llvmgcc42;
				GCC_WARN_ABOUT_RETURN_TYPE = YES;
				GCC_WARN_UNUSED_VARIABLE = YES;
				HEADER_SEARCH_PATHS = (
					"$(STDLIB_HEADERS)",
					"\"$(BUILT_PRODUCTS_DIR)/../iPad\"",
					"\"$(BUILT_PRODUCTS_DIR)/../../iPad\"",
					"\"$(CONFIGURATION_BUILD_DIR)/../../iPad\"",
					"\"$(BUILT_PRODUCTS_DIR)/../../iPad/Graph2d\"",
				);
				IPHONEOS_DEPLOYMENT_TARGET = 4.2;
				SDKROOT = iphoneos;
			};
			name = Release;
		};
		4AE2C1F61424998500C67987 /* Debug */ = {
			isa = XCBuildConfiguration;
			baseConfigurationReference = 4AE2C2941424AA6E00C67987 /* Library.xcconfig */;
			buildSettings = {
				GCC_VERSION = com.apple.compilers.llvm.clang.1_0;
				HEADER_SEARCH_PATHS = (
					"$(STDLIB_HEADERS)",
					"\"$(BUILT_PRODUCTS_DIR)/../iPad\"",
					"\"$(BUILT_PRODUCTS_DIR)/../../iPad\"",
					"\"$(CONFIGURATION_BUILD_DIR)/../../iPad\"",
					"\"$(BUILT_PRODUCTS_DIR)/../../iPad/Graph2d\"",
				);
			};
			name = Debug;
		};
		4AE2C1F71424998500C67987 /* Release */ = {
			isa = XCBuildConfiguration;
			baseConfigurationReference = 4AE2C2941424AA6E00C67987 /* Library.xcconfig */;
			buildSettings = {
				GCC_VERSION = com.apple.compilers.llvm.clang.1_0;
				HEADER_SEARCH_PATHS = (
					"$(STDLIB_HEADERS)",
					"\"$(BUILT_PRODUCTS_DIR)/../iPad\"",
					"\"$(BUILT_PRODUCTS_DIR)/../../iPad\"",
					"\"$(CONFIGURATION_BUILD_DIR)/../../iPad\"",
					"\"$(BUILT_PRODUCTS_DIR)/../../iPad/Graph2d\"",
				);
			};
			name = Release;
		};
		4AE2C1F91424998500C67987 /* Debug */ = {
			isa = XCBuildConfiguration;
			baseConfigurationReference = 4AE2C2961424AA6E00C67987 /* UnitTests.xcconfig */;
			buildSettings = {
				GCC_VERSION = com.apple.compilers.llvm.clang.1_0;
			};
			name = Debug;
		};
		4AE2C1FA1424998500C67987 /* Release */ = {
			isa = XCBuildConfiguration;
			baseConfigurationReference = 4AE2C2961424AA6E00C67987 /* UnitTests.xcconfig */;
			buildSettings = {
				GCC_VERSION = com.apple.compilers.llvm.clang.1_0;
			};
			name = Release;
		};
/* End XCBuildConfiguration section */

/* Begin XCConfigurationList section */
		4AE2C1CC1424998500C67987 /* Build configuration list for PBXProject "GraphView" */ = {
			isa = XCConfigurationList;
			buildConfigurations = (
				4AE2C1F31424998500C67987 /* Debug */,
				4AE2C1F41424998500C67987 /* Release */,
			);
			defaultConfigurationIsVisible = 0;
			defaultConfigurationName = Release;
		};
		4AE2C1F51424998500C67987 /* Build configuration list for PBXNativeTarget "GraphView" */ = {
			isa = XCConfigurationList;
			buildConfigurations = (
				4AE2C1F61424998500C67987 /* Debug */,
				4AE2C1F71424998500C67987 /* Release */,
			);
			defaultConfigurationIsVisible = 0;
			defaultConfigurationName = Release;
		};
		4AE2C1F81424998500C67987 /* Build configuration list for PBXNativeTarget "GraphViewUnitTests" */ = {
			isa = XCConfigurationList;
			buildConfigurations = (
				4AE2C1F91424998500C67987 /* Debug */,
				4AE2C1FA1424998500C67987 /* Release */,
			);
			defaultConfigurationIsVisible = 0;
			defaultConfigurationName = Release;
		};
/* End XCConfigurationList section */
	};
	rootObject = 4AE2C1C91424998500C67987 /* Project object */;
}
