// !$*UTF8*$!
{
	archiveVersion = 1;
	classes = {
	};
	objectVersion = 46;
	objects = {

/* Begin PBXBuildFile section */
		7E2388471500730300580817 /* CoreGraphics.framework in Frameworks */ = {isa = PBXBuildFile; fileRef = 7E2388461500730300580817 /* CoreGraphics.framework */; };
		7E8308C614FF4F9E005879E2 /* Foundation.framework in Frameworks */ = {isa = PBXBuildFile; fileRef = 7E8308C514FF4F9E005879E2 /* Foundation.framework */; };
		7E8308D114FF4FC2005879E2 /* GiGraphIos.h in Headers */ = {isa = PBXBuildFile; fileRef = 7E8308CF14FF4FC2005879E2 /* GiGraphIos.h */; settings = {ATTRIBUTES = (Public, ); }; };
		7E8308D214FF4FC2005879E2 /* GiGraphView.h in Headers */ = {isa = PBXBuildFile; fileRef = 7E8308D014FF4FC2005879E2 /* GiGraphView.h */; settings = {ATTRIBUTES = (Public, ); }; };
		7E8308D514FF4FD1005879E2 /* GiGraphIos.cpp in Sources */ = {isa = PBXBuildFile; fileRef = 7E8308D314FF4FD1005879E2 /* GiGraphIos.cpp */; };
		7E8308D614FF4FD1005879E2 /* GiGraphView.mm in Sources */ = {isa = PBXBuildFile; fileRef = 7E8308D414FF4FD1005879E2 /* GiGraphView.mm */; };
		7E8ECE7214FF70AB00681D2F /* libgraph2d.a in Frameworks */ = {isa = PBXBuildFile; fileRef = 7E8ECE7114FF70AB00681D2F /* libgraph2d.a */; };
/* End PBXBuildFile section */

/* Begin PBXFileReference section */
		7E2388461500730300580817 /* CoreGraphics.framework */ = {isa = PBXFileReference; lastKnownFileType = wrapper.framework; name = CoreGraphics.framework; path = System/Library/Frameworks/CoreGraphics.framework; sourceTree = SDKROOT; };
		7E8308C214FF4F9E005879E2 /* libgraphios.a */ = {isa = PBXFileReference; explicitFileType = archive.ar; includeInIndex = 0; path = libgraphios.a; sourceTree = BUILT_PRODUCTS_DIR; };
		7E8308C514FF4F9E005879E2 /* Foundation.framework */ = {isa = PBXFileReference; lastKnownFileType = wrapper.framework; name = Foundation.framework; path = System/Library/Frameworks/Foundation.framework; sourceTree = SDKROOT; };
		7E8308C914FF4F9E005879E2 /* graphios-Prefix.pch */ = {isa = PBXFileReference; lastKnownFileType = sourcecode.c.h; path = "graphios-Prefix.pch"; sourceTree = "<group>"; };
		7E8308CF14FF4FC2005879E2 /* GiGraphIos.h */ = {isa = PBXFileReference; fileEncoding = 4; lastKnownFileType = sourcecode.c.h; name = GiGraphIos.h; path = ../../../include/graphios/GiGraphIos.h; sourceTree = "<group>"; };
		7E8308D014FF4FC2005879E2 /* GiGraphView.h */ = {isa = PBXFileReference; fileEncoding = 4; lastKnownFileType = sourcecode.c.h; name = GiGraphView.h; path = ../../../include/graphios/GiGraphView.h; sourceTree = "<group>"; };
		7E8308D314FF4FD1005879E2 /* GiGraphIos.cpp */ = {isa = PBXFileReference; fileEncoding = 4; lastKnownFileType = sourcecode.cpp.cpp; name = GiGraphIos.cpp; path = ../../../src/graphios/GiGraphIos.cpp; sourceTree = "<group>"; };
		7E8308D414FF4FD1005879E2 /* GiGraphView.mm */ = {isa = PBXFileReference; fileEncoding = 4; lastKnownFileType = sourcecode.cpp.objcpp; name = GiGraphView.mm; path = ../../../src/graphios/GiGraphView.mm; sourceTree = "<group>"; };
		7E8ECE7114FF70AB00681D2F /* libgraph2d.a */ = {isa = PBXFileReference; explicitFileType = archive.ar; path = libgraph2d.a; sourceTree = SOURCE_ROOT; };
/* End PBXFileReference section */

/* Begin PBXFrameworksBuildPhase section */
		7E8308BF14FF4F9E005879E2 /* Frameworks */ = {
			isa = PBXFrameworksBuildPhase;
			buildActionMask = 2147483647;
			files = (
				7E8ECE7214FF70AB00681D2F /* libgraph2d.a in Frameworks */,
				7E2388471500730300580817 /* CoreGraphics.framework in Frameworks */,
				7E8308C614FF4F9E005879E2 /* Foundation.framework in Frameworks */,
			);
			runOnlyForDeploymentPostprocessing = 0;
		};
/* End PBXFrameworksBuildPhase section */

/* Begin PBXGroup section */
		7E8308B714FF4F9E005879E2 = {
			isa = PBXGroup;
			children = (
				7E8308C714FF4F9E005879E2 /* graphios */,
				7E8308C414FF4F9E005879E2 /* Frameworks */,
				7E8308C314FF4F9E005879E2 /* Products */,
				7E8ECE7114FF70AB00681D2F /* libgraph2d.a */,
			);
			sourceTree = "<group>";
		};
		7E8308C314FF4F9E005879E2 /* Products */ = {
			isa = PBXGroup;
			children = (
				7E8308C214FF4F9E005879E2 /* libgraphios.a */,
			);
			name = Products;
			sourceTree = "<group>";
		};
		7E8308C414FF4F9E005879E2 /* Frameworks */ = {
			isa = PBXGroup;
			children = (
				7E2388461500730300580817 /* CoreGraphics.framework */,
				7E8308C514FF4F9E005879E2 /* Foundation.framework */,
			);
			name = Frameworks;
			sourceTree = "<group>";
		};
		7E8308C714FF4F9E005879E2 /* graphios */ = {
			isa = PBXGroup;
			children = (
				7E8308D314FF4FD1005879E2 /* GiGraphIos.cpp */,
				7E8308D414FF4FD1005879E2 /* GiGraphView.mm */,
				7E8308CF14FF4FC2005879E2 /* GiGraphIos.h */,
				7E8308D014FF4FC2005879E2 /* GiGraphView.h */,
				7E8308C814FF4F9E005879E2 /* Supporting Files */,
			);
			path = graphios;
			sourceTree = "<group>";
		};
		7E8308C814FF4F9E005879E2 /* Supporting Files */ = {
			isa = PBXGroup;
			children = (
				7E8308C914FF4F9E005879E2 /* graphios-Prefix.pch */,
			);
			name = "Supporting Files";
			sourceTree = "<group>";
		};
/* End PBXGroup section */

/* Begin PBXHeadersBuildPhase section */
		7E8308C014FF4F9E005879E2 /* Headers */ = {
			isa = PBXHeadersBuildPhase;
			buildActionMask = 2147483647;
			files = (
				7E8308D114FF4FC2005879E2 /* GiGraphIos.h in Headers */,
				7E8308D214FF4FC2005879E2 /* GiGraphView.h in Headers */,
			);
			runOnlyForDeploymentPostprocessing = 0;
		};
/* End PBXHeadersBuildPhase section */

/* Begin PBXNativeTarget section */
		7E8308C114FF4F9E005879E2 /* graphios */ = {
			isa = PBXNativeTarget;
			buildConfigurationList = 7E8308CC14FF4F9E005879E2 /* Build configuration list for PBXNativeTarget "graphios" */;
			buildPhases = (
				7E8308BE14FF4F9E005879E2 /* Sources */,
				7E8308BF14FF4F9E005879E2 /* Frameworks */,
				7E8308C014FF4F9E005879E2 /* Headers */,
			);
			buildRules = (
			);
			dependencies = (
			);
			name = graphios;
			productName = graphios;
			productReference = 7E8308C214FF4F9E005879E2 /* libgraphios.a */;
			productType = "com.apple.product-type.library.static";
		};
/* End PBXNativeTarget section */

/* Begin PBXProject section */
		7E8308B914FF4F9E005879E2 /* Project object */ = {
			isa = PBXProject;
			buildConfigurationList = 7E8308BC14FF4F9E005879E2 /* Build configuration list for PBXProject "graphios" */;
			compatibilityVersion = "Xcode 3.2";
			developmentRegion = English;
			hasScannedForEncodings = 0;
			knownRegions = (
				en,
			);
			mainGroup = 7E8308B714FF4F9E005879E2;
			productRefGroup = 7E8308C314FF4F9E005879E2 /* Products */;
			projectDirPath = "";
			projectRoot = "";
			targets = (
				7E8308C114FF4F9E005879E2 /* graphios */,
			);
		};
/* End PBXProject section */

/* Begin PBXSourcesBuildPhase section */
		7E8308BE14FF4F9E005879E2 /* Sources */ = {
			isa = PBXSourcesBuildPhase;
			buildActionMask = 2147483647;
			files = (
				7E8308D514FF4FD1005879E2 /* GiGraphIos.cpp in Sources */,
				7E8308D614FF4FD1005879E2 /* GiGraphView.mm in Sources */,
			);
			runOnlyForDeploymentPostprocessing = 0;
		};
/* End PBXSourcesBuildPhase section */

/* Begin XCBuildConfiguration section */
		7E8308CA14FF4F9E005879E2 /* Debug */ = {
			isa = XCBuildConfiguration;
			buildSettings = {
				ARCHS = "$(ARCHS_STANDARD_32_BIT)";
				GCC_C_LANGUAGE_STANDARD = gnu99;
				GCC_OPTIMIZATION_LEVEL = 0;
				GCC_PREPROCESSOR_DEFINITIONS = DEBUG;
				GCC_SYMBOLS_PRIVATE_EXTERN = NO;
				GCC_VERSION = com.apple.compilers.llvmgcc42;
				GCC_WARN_ABOUT_RETURN_TYPE = YES;
				GCC_WARN_UNUSED_VARIABLE = YES;
				HEADER_SEARCH_PATHS = "../../include/**";
				IPHONEOS_DEPLOYMENT_TARGET = 4.2;
				MACH_O_TYPE = staticlib;
				SDKROOT = iphoneos;
				TARGETED_DEVICE_FAMILY = "1,2";
			};
			name = Debug;
		};
		7E8308CB14FF4F9E005879E2 /* Release */ = {
			isa = XCBuildConfiguration;
			buildSettings = {
				ARCHS = "$(ARCHS_STANDARD_32_BIT)";
				GCC_C_LANGUAGE_STANDARD = gnu99;
				GCC_VERSION = com.apple.compilers.llvmgcc42;
				GCC_WARN_ABOUT_RETURN_TYPE = YES;
				GCC_WARN_UNUSED_VARIABLE = YES;
				HEADER_SEARCH_PATHS = "../../include/**";
				IPHONEOS_DEPLOYMENT_TARGET = 4.2;
				MACH_O_TYPE = staticlib;
				SDKROOT = iphoneos;
				TARGETED_DEVICE_FAMILY = "1,2";
			};
			name = Release;
		};
		7E8308CD14FF4F9E005879E2 /* Debug */ = {
			isa = XCBuildConfiguration;
			buildSettings = {
				ALWAYS_SEARCH_USER_PATHS = NO;
				DSTROOT = /tmp/graphios.dst;
				GCC_PRECOMPILE_PREFIX_HEADER = YES;
				GCC_PREFIX_HEADER = "graphios/graphios-Prefix.pch";
				LIBRARY_SEARCH_PATHS = (
					"$(inherited)",
					"\"$(SRCROOT)\"",
				);
				LINK_WITH_STANDARD_LIBRARIES = NO;
				OTHER_LDFLAGS = "-ObjC";
				PRODUCT_NAME = "$(TARGET_NAME)";
			};
			name = Debug;
		};
		7E8308CE14FF4F9E005879E2 /* Release */ = {
			isa = XCBuildConfiguration;
			buildSettings = {
				ALWAYS_SEARCH_USER_PATHS = NO;
				DSTROOT = /tmp/graphios.dst;
				GCC_PRECOMPILE_PREFIX_HEADER = YES;
				GCC_PREFIX_HEADER = "graphios/graphios-Prefix.pch";
				LIBRARY_SEARCH_PATHS = (
					"$(inherited)",
					"\"$(SRCROOT)\"",
				);
				LINK_WITH_STANDARD_LIBRARIES = NO;
				OTHER_LDFLAGS = "-ObjC";
				PRODUCT_NAME = "$(TARGET_NAME)";
			};
			name = Release;
		};
/* End XCBuildConfiguration section */

/* Begin XCConfigurationList section */
		7E8308BC14FF4F9E005879E2 /* Build configuration list for PBXProject "graphios" */ = {
			isa = XCConfigurationList;
			buildConfigurations = (
				7E8308CA14FF4F9E005879E2 /* Debug */,
				7E8308CB14FF4F9E005879E2 /* Release */,
			);
			defaultConfigurationIsVisible = 0;
			defaultConfigurationName = Release;
		};
		7E8308CC14FF4F9E005879E2 /* Build configuration list for PBXNativeTarget "graphios" */ = {
			isa = XCConfigurationList;
			buildConfigurations = (
				7E8308CD14FF4F9E005879E2 /* Debug */,
				7E8308CE14FF4F9E005879E2 /* Release */,
			);
			defaultConfigurationIsVisible = 0;
			defaultConfigurationName = Release;
		};
/* End XCConfigurationList section */
	};
	rootObject = 7E8308B914FF4F9E005879E2 /* Project object */;
}
