
Microsoft Visual Studio Solution File, Format Version 10.00
# Visual Studio 2008
Project("{8BC9CEB8-8B4A-11D0-8D11-00A0C91BC942}") = "SimpView", "msvc\SimpView_vc90.vcproj", "{7A9E3CB8-DCB3-4202-8368-CE3F779553A7}"
	ProjectSection(ProjectDependencies) = postProject
		{B7977082-BDE5-43D2-83B8-1BCF55BC363E} = {B7977082-BDE5-43D2-83B8-1BCF55BC363E}
		{71448894-4C03-46D6-A696-7A40B7D50DEB} = {71448894-4C03-46D6-A696-7A40B7D50DEB}
	EndProjectSection
EndProject
Project("{8BC9CEB8-8B4A-11D0-8D11-00A0C91BC942}") = "geom", "msvc\geom_vc90.vcproj", "{02C5A405-AEA8-43B1-A0C3-62D78CC7B434}"
EndProject
Project("{8BC9CEB8-8B4A-11D0-8D11-00A0C91BC942}") = "graph", "msvc\graph_vc90.vcproj", "{4B5CE6E7-ED7D-425D-BD4D-ADCC23B2E02B}"
	ProjectSection(ProjectDependencies) = postProject
		{02C5A405-AEA8-43B1-A0C3-62D78CC7B434} = {02C5A405-AEA8-43B1-A0C3-62D78CC7B434}
	EndProjectSection
EndProject
Project("{8BC9CEB8-8B4A-11D0-8D11-00A0C91BC942}") = "graphwin", "msvc\graphwin_vc90.vcproj", "{B7977082-BDE5-43D2-83B8-1BCF55BC363E}"
	ProjectSection(ProjectDependencies) = postProject
		{4B5CE6E7-ED7D-425D-BD4D-ADCC23B2E02B} = {4B5CE6E7-ED7D-425D-BD4D-ADCC23B2E02B}
	EndProjectSection
EndProject
Project("{8BC9CEB8-8B4A-11D0-8D11-00A0C91BC942}") = "shape", "msvc\shape_vc90.vcproj", "{71448894-4C03-46D6-A696-7A40B7D50DEB}"
	ProjectSection(ProjectDependencies) = postProject
		{4B5CE6E7-ED7D-425D-BD4D-ADCC23B2E02B} = {4B5CE6E7-ED7D-425D-BD4D-ADCC23B2E02B}
	EndProjectSection
EndProject
Global
	GlobalSection(SolutionConfigurationPlatforms) = preSolution
		Debug|Win32 = Debug|Win32
		Release|Win32 = Release|Win32
	EndGlobalSection
	GlobalSection(ProjectConfigurationPlatforms) = postSolution
		{7A9E3CB8-DCB3-4202-8368-CE3F779553A7}.Debug|Win32.ActiveCfg = Debug|Win32
		{7A9E3CB8-DCB3-4202-8368-CE3F779553A7}.Debug|Win32.Build.0 = Debug|Win32
		{7A9E3CB8-DCB3-4202-8368-CE3F779553A7}.Release|Win32.ActiveCfg = Release|Win32
		{7A9E3CB8-DCB3-4202-8368-CE3F779553A7}.Release|Win32.Build.0 = Release|Win32
		{02C5A405-AEA8-43B1-A0C3-62D78CC7B434}.Debug|Win32.ActiveCfg = Debug|Win32
		{02C5A405-AEA8-43B1-A0C3-62D78CC7B434}.Debug|Win32.Build.0 = Debug|Win32
		{02C5A405-AEA8-43B1-A0C3-62D78CC7B434}.Release|Win32.ActiveCfg = Release|Win32
		{02C5A405-AEA8-43B1-A0C3-62D78CC7B434}.Release|Win32.Build.0 = Release|Win32
		{4B5CE6E7-ED7D-425D-BD4D-ADCC23B2E02B}.Debug|Win32.ActiveCfg = Debug|Win32
		{4B5CE6E7-ED7D-425D-BD4D-ADCC23B2E02B}.Debug|Win32.Build.0 = Debug|Win32
		{4B5CE6E7-ED7D-425D-BD4D-ADCC23B2E02B}.Release|Win32.ActiveCfg = Release|Win32
		{4B5CE6E7-ED7D-425D-BD4D-ADCC23B2E02B}.Release|Win32.Build.0 = Release|Win32
		{B7977082-BDE5-43D2-83B8-1BCF55BC363E}.Debug|Win32.ActiveCfg = Debug|Win32
		{B7977082-BDE5-43D2-83B8-1BCF55BC363E}.Debug|Win32.Build.0 = Debug|Win32
		{B7977082-BDE5-43D2-83B8-1BCF55BC363E}.Release|Win32.ActiveCfg = Release|Win32
		{B7977082-BDE5-43D2-83B8-1BCF55BC363E}.Release|Win32.Build.0 = Release|Win32
		{71448894-4C03-46D6-A696-7A40B7D50DEB}.Debug|Win32.ActiveCfg = Debug|Win32
		{71448894-4C03-46D6-A696-7A40B7D50DEB}.Debug|Win32.Build.0 = Debug|Win32
		{71448894-4C03-46D6-A696-7A40B7D50DEB}.Release|Win32.ActiveCfg = Release|Win32
		{71448894-4C03-46D6-A696-7A40B7D50DEB}.Release|Win32.Build.0 = Release|Win32
	EndGlobalSection
	GlobalSection(SolutionProperties) = preSolution
		HideSolutionNode = FALSE
	EndGlobalSection
EndGlobal
